
Microsoft Visual Studio Solution File, Format Version 12.00
# Visual Studio 15
Project("{FAE04EC0-301F-11D3-BF4B-00C04F79EFBC}") = "projet_MVC", "projet_MVC\projet_MVC.csproj", "{519EB86D-9EFE-411E-B907-DB47E61D9881}"
EndProject
Global
	GlobalSection(SolutionConfigurationPlatforms) = preSolution
		Debug|Any CPU = Debug|Any CPU
		Release|Any CPU = Release|Any CPU
	EndGlobalSection
	GlobalSection(ProjectConfigurationPlatforms) = postSolution
		{519EB86D-9EFE-411E-B907-DB47E61D9881}.Debug|Any CPU.ActiveCfg = Debug|Any CPU
		{519EB86D-9EFE-411E-B907-DB47E61D9881}.Debug|Any CPU.Build.0 = Debug|Any CPU
		{519EB86D-9EFE-411E-B907-DB47E61D9881}.Release|Any CPU.ActiveCfg = Release|Any CPU
		{519EB86D-9EFE-411E-B907-DB47E61D9881}.Release|Any CPU.Build.0 = Release|Any CPU
	EndGlobalSection
EndGlobal
